{
  "lib/chainlink-csr": {
    "branch": {
      "name": "main",
      "rev": "62108f7b6cc664e36dbc8100c4b48974d59f572e"
    }
  },
  "lib/chainlink-local": {
    "rev": "7d8b2f888e1f10c8841ccd9e0f4af0f5baf11dab"
  },
  "lib/openzeppelin-contracts": {
    "tag": {
      "name": "v5.0.2",
      "rev": "dbb6104ce834628e473d2173bbc9d47f81a9eec3"
    }
  },
  "lib/openzeppelin-contracts-upgradeable": {
    "tag": {
      "name": "v5.0.2",
      "rev": "723f8cab09cdae1aca9ec9cc1cfa040c2d4b06c1"
    }
  }
}
